
Microsoft Visual Studio Solution File, Format Version 12.00
# Visual Studio Version 16
VisualStudioVersion = 16.0.31911.196
MinimumVisualStudioVersion = 10.0.40219.1
Project("{FAE04EC0-301F-11D3-BF4B-00C04F79EFBC}") = "ChangeFeedFunctions", "ChangeFeedFunctions.csproj", "{3A133ADB-7F7E-48A2-AD1C-1633FB8EC827}"
EndProject
Project("{9A19103F-16F7-4668-BE54-9A1E7A4F7556}") = "Shared", "..\Shared\Shared.csproj", "{3F5E7F86-8395-497C-B3D0-0E92F8018C0D}"
EndProject
Global
	GlobalSection(SolutionConfigurationPlatforms) = preSolution
		Debug|Any CPU = Debug|Any CPU
		Release|Any CPU = Release|Any CPU
	EndGlobalSection
	GlobalSection(ProjectConfigurationPlatforms) = postSolution
		{3A133ADB-7F7E-48A2-AD1C-1633FB8EC827}.Debug|Any CPU.ActiveCfg = Debug|Any CPU
		{3A133ADB-7F7E-48A2-AD1C-1633FB8EC827}.Debug|Any CPU.Build.0 = Debug|Any CPU
		{3A133ADB-7F7E-48A2-AD1C-1633FB8EC827}.Release|Any CPU.ActiveCfg = Release|Any CPU
		{3A133ADB-7F7E-48A2-AD1C-1633FB8EC827}.Release|Any CPU.Build.0 = Release|Any CPU
		{3F5E7F86-8395-497C-B3D0-0E92F8018C0D}.Debug|Any CPU.ActiveCfg = Debug|Any CPU
		{3F5E7F86-8395-497C-B3D0-0E92F8018C0D}.Debug|Any CPU.Build.0 = Debug|Any CPU
		{3F5E7F86-8395-497C-B3D0-0E92F8018C0D}.Release|Any CPU.ActiveCfg = Release|Any CPU
		{3F5E7F86-8395-497C-B3D0-0E92F8018C0D}.Release|Any CPU.Build.0 = Release|Any CPU
	EndGlobalSection
	GlobalSection(SolutionProperties) = preSolution
		HideSolutionNode = FALSE
	EndGlobalSection
	GlobalSection(ExtensibilityGlobals) = postSolution
		SolutionGuid = {29786703-7BD3-4B04-A391-8453024A12CE}
	EndGlobalSection
EndGlobal
