
Microsoft Visual Studio Solution File, Format Version 12.00
# Visual Studio Version 16
VisualStudioVersion = 16.0.31911.196
MinimumVisualStudioVersion = 10.0.40219.1
Project("{9A19103F-16F7-4668-BE54-9A1E7A4F7556}") = "ChangeFeedFunctions", "ChangeFeedFunctions\ChangeFeedFunctions.csproj", "{E84499E7-E928-4219-8400-E973265D5D7A}"
EndProject
Project("{9A19103F-16F7-4668-BE54-9A1E7A4F7556}") = "IntegrationFunctions", "IntegrationFunctions\IntegrationFunctions.csproj", "{A7FE2622-EEE8-463E-9616-94D79962083B}"
EndProject
Project("{FAE04EC0-301F-11D3-BF4B-00C04F79EFBC}") = "Shared", "Shared\Shared.csproj", "{7DE137E2-EDCF-4E1A-BC3E-DA35984A3259}"
EndProject
Global
	GlobalSection(SolutionConfigurationPlatforms) = preSolution
		Debug|Any CPU = Debug|Any CPU
		Release|Any CPU = Release|Any CPU
	EndGlobalSection
	GlobalSection(ProjectConfigurationPlatforms) = postSolution
		{E84499E7-E928-4219-8400-E973265D5D7A}.Debug|Any CPU.ActiveCfg = Debug|Any CPU
		{E84499E7-E928-4219-8400-E973265D5D7A}.Debug|Any CPU.Build.0 = Debug|Any CPU
		{E84499E7-E928-4219-8400-E973265D5D7A}.Release|Any CPU.ActiveCfg = Release|Any CPU
		{E84499E7-E928-4219-8400-E973265D5D7A}.Release|Any CPU.Build.0 = Release|Any CPU
		{A7FE2622-EEE8-463E-9616-94D79962083B}.Debug|Any CPU.ActiveCfg = Debug|Any CPU
		{A7FE2622-EEE8-463E-9616-94D79962083B}.Debug|Any CPU.Build.0 = Debug|Any CPU
		{A7FE2622-EEE8-463E-9616-94D79962083B}.Release|Any CPU.ActiveCfg = Release|Any CPU
		{A7FE2622-EEE8-463E-9616-94D79962083B}.Release|Any CPU.Build.0 = Release|Any CPU
		{7DE137E2-EDCF-4E1A-BC3E-DA35984A3259}.Debug|Any CPU.ActiveCfg = Debug|Any CPU
		{7DE137E2-EDCF-4E1A-BC3E-DA35984A3259}.Debug|Any CPU.Build.0 = Debug|Any CPU
		{7DE137E2-EDCF-4E1A-BC3E-DA35984A3259}.Release|Any CPU.ActiveCfg = Release|Any CPU
		{7DE137E2-EDCF-4E1A-BC3E-DA35984A3259}.Release|Any CPU.Build.0 = Release|Any CPU
	EndGlobalSection
	GlobalSection(SolutionProperties) = preSolution
		HideSolutionNode = FALSE
	EndGlobalSection
	GlobalSection(ExtensibilityGlobals) = postSolution
		SolutionGuid = {DCB1D00A-A4B1-4EB9-A283-0A8D3510414B}
	EndGlobalSection
EndGlobal
